// !$*UTF8*$!
{
	archiveVersion = 1;
	classes = {
	};
	objectVersion = 46;
	objects = {

/* Begin PBXBuildFile section */
		40019E9F1DC4FEF8009142AA /* GirlCollectionViewCell.swift in Sources */ = {isa = PBXBuildFile; fileRef = 40019E9E1DC4FEF8009142AA /* GirlCollectionViewCell.swift */; };
		4021F29E1DC417C90084710D /* AppDelegate.swift in Sources */ = {isa = PBXBuildFile; fileRef = 4021F29D1DC417C90084710D /* AppDelegate.swift */; };
		4021F2A31DC417C90084710D /* Main.storyboard in Resources */ = {isa = PBXBuildFile; fileRef = 4021F2A11DC417C90084710D /* Main.storyboard */; };
		4021F2A51DC417C90084710D /* Assets.xcassets in Resources */ = {isa = PBXBuildFile; fileRef = 4021F2A41DC417C90084710D /* Assets.xcassets */; };
		4021F2A81DC417C90084710D /* LaunchScreen.storyboard in Resources */ = {isa = PBXBuildFile; fileRef = 4021F2A61DC417C90084710D /* LaunchScreen.storyboard */; };
		40713BB71DC47F91002DF5B8 /* BaseNavigationController.swift in Sources */ = {isa = PBXBuildFile; fileRef = 40713BB41DC47F91002DF5B8 /* BaseNavigationController.swift */; };
		40713BB81DC47F91002DF5B8 /* BaseViewController.swift in Sources */ = {isa = PBXBuildFile; fileRef = 40713BB51DC47F91002DF5B8 /* BaseViewController.swift */; };
		40713BB91DC47F91002DF5B8 /* MainViewController.swift in Sources */ = {isa = PBXBuildFile; fileRef = 40713BB61DC47F91002DF5B8 /* MainViewController.swift */; };
		40713BBC1DC480EB002DF5B8 /* ViewController.swift in Sources */ = {isa = PBXBuildFile; fileRef = 40713BBB1DC480EB002DF5B8 /* ViewController.swift */; };
		40713BC01DC48326002DF5B8 /* Girl.swift in Sources */ = {isa = PBXBuildFile; fileRef = 40713BBF1DC48326002DF5B8 /* Girl.swift */; };
		40B36A431DC44AAE006DB714 /* Constants.swift in Sources */ = {isa = PBXBuildFile; fileRef = 40B36A421DC44AAE006DB714 /* Constants.swift */; };
		40B36A451DC44D3B006DB714 /* GlobalMethods.swift in Sources */ = {isa = PBXBuildFile; fileRef = 40B36A441DC44D3B006DB714 /* GlobalMethods.swift */; };
		451816AE1DF3A11C000E932A /* UIButton.swift in Sources */ = {isa = PBXBuildFile; fileRef = 451816AC1DF3A11C000E932A /* UIButton.swift */; };
		451816AF1DF3A11C000E932A /* UIImage.swift in Sources */ = {isa = PBXBuildFile; fileRef = 451816AD1DF3A11C000E932A /* UIImage.swift */; };
		451816B11DF3A128000E932A /* FileManager.swift in Sources */ = {isa = PBXBuildFile; fileRef = 451816B01DF3A128000E932A /* FileManager.swift */; };
		456F26A02116BA4F00657849 /* PureController.swift in Sources */ = {isa = PBXBuildFile; fileRef = 456F269F2116BA4F00657849 /* PureController.swift */; };
		456F26A22116BB2C00657849 /* PureViewModel.swift in Sources */ = {isa = PBXBuildFile; fileRef = 456F26A12116BB2C00657849 /* PureViewModel.swift */; };
		45713DAE1DE1E4D400F2B2C1 /* User.swift in Sources */ = {isa = PBXBuildFile; fileRef = 45713DAD1DE1E4D400F2B2C1 /* User.swift */; };
		45B224B01DFC5175000ED9A3 /* FavoriteViewController.swift in Sources */ = {isa = PBXBuildFile; fileRef = 45B224AC1DFC5175000ED9A3 /* FavoriteViewController.swift */; };
		45B224B11DFC5175000ED9A3 /* ListViewController.swift in Sources */ = {isa = PBXBuildFile; fileRef = 45B224AE1DFC5175000ED9A3 /* ListViewController.swift */; };
		45B224B21DFC5175000ED9A3 /* ListViewModel.swift in Sources */ = {isa = PBXBuildFile; fileRef = 45B224AF1DFC5175000ED9A3 /* ListViewModel.swift */; };
		45B224B41DFC51A5000ED9A3 /* FavoriteListViewModel.swift in Sources */ = {isa = PBXBuildFile; fileRef = 45B224B31DFC51A5000ED9A3 /* FavoriteListViewModel.swift */; };
		9CB0A9E4FF227693B3048200 /* Pods_UniformTemptation.framework in Frameworks */ = {isa = PBXBuildFile; fileRef = 623C1D83FEBA6854CE2922E9 /* Pods_UniformTemptation.framework */; };
/* End PBXBuildFile section */

/* Begin PBXFileReference section */
		0412B2B96A6F67AEEC2DACF4 /* Pods_Share_UniformTemptation.framework */ = {isa = PBXFileReference; explicitFileType = wrapper.framework; includeInIndex = 0; path = Pods_Share_UniformTemptation.framework; sourceTree = BUILT_PRODUCTS_DIR; };
		273BD93C18776CD47D7DD32E /* Pods-UniformTemptation.debug.xcconfig */ = {isa = PBXFileReference; includeInIndex = 1; lastKnownFileType = text.xcconfig; name = "Pods-UniformTemptation.debug.xcconfig"; path = "Pods/Target Support Files/Pods-UniformTemptation/Pods-UniformTemptation.debug.xcconfig"; sourceTree = "<group>"; };
		40019E9E1DC4FEF8009142AA /* GirlCollectionViewCell.swift */ = {isa = PBXFileReference; fileEncoding = 4; lastKnownFileType = sourcecode.swift; path = GirlCollectionViewCell.swift; sourceTree = "<group>"; };
		4021F29A1DC417C90084710D /* UniformTemptation.app */ = {isa = PBXFileReference; explicitFileType = wrapper.application; includeInIndex = 0; path = UniformTemptation.app; sourceTree = BUILT_PRODUCTS_DIR; };
		4021F29D1DC417C90084710D /* AppDelegate.swift */ = {isa = PBXFileReference; lastKnownFileType = sourcecode.swift; path = AppDelegate.swift; sourceTree = "<group>"; };
		4021F2A21DC417C90084710D /* Base */ = {isa = PBXFileReference; lastKnownFileType = file.storyboard; name = Base; path = Base.lproj/Main.storyboard; sourceTree = "<group>"; };
		4021F2A41DC417C90084710D /* Assets.xcassets */ = {isa = PBXFileReference; lastKnownFileType = folder.assetcatalog; path = Assets.xcassets; sourceTree = "<group>"; };
		4021F2A71DC417C90084710D /* Base */ = {isa = PBXFileReference; lastKnownFileType = file.storyboard; name = Base; path = Base.lproj/LaunchScreen.storyboard; sourceTree = "<group>"; };
		4021F2A91DC417C90084710D /* Info.plist */ = {isa = PBXFileReference; lastKnownFileType = text.plist.xml; path = Info.plist; sourceTree = "<group>"; };
		40713BB41DC47F91002DF5B8 /* BaseNavigationController.swift */ = {isa = PBXFileReference; fileEncoding = 4; lastKnownFileType = sourcecode.swift; path = BaseNavigationController.swift; sourceTree = "<group>"; };
		40713BB51DC47F91002DF5B8 /* BaseViewController.swift */ = {isa = PBXFileReference; fileEncoding = 4; lastKnownFileType = sourcecode.swift; path = BaseViewController.swift; sourceTree = "<group>"; };
		40713BB61DC47F91002DF5B8 /* MainViewController.swift */ = {isa = PBXFileReference; fileEncoding = 4; lastKnownFileType = sourcecode.swift; path = MainViewController.swift; sourceTree = "<group>"; };
		40713BBB1DC480EB002DF5B8 /* ViewController.swift */ = {isa = PBXFileReference; fileEncoding = 4; lastKnownFileType = sourcecode.swift; path = ViewController.swift; sourceTree = "<group>"; };
		40713BBF1DC48326002DF5B8 /* Girl.swift */ = {isa = PBXFileReference; fileEncoding = 4; lastKnownFileType = sourcecode.swift; path = Girl.swift; sourceTree = "<group>"; };
		40B36A421DC44AAE006DB714 /* Constants.swift */ = {isa = PBXFileReference; fileEncoding = 4; lastKnownFileType = sourcecode.swift; path = Constants.swift; sourceTree = "<group>"; };
		40B36A441DC44D3B006DB714 /* GlobalMethods.swift */ = {isa = PBXFileReference; fileEncoding = 4; lastKnownFileType = sourcecode.swift; path = GlobalMethods.swift; sourceTree = "<group>"; };
		451816AC1DF3A11C000E932A /* UIButton.swift */ = {isa = PBXFileReference; fileEncoding = 4; lastKnownFileType = sourcecode.swift; path = UIButton.swift; sourceTree = "<group>"; };
		451816AD1DF3A11C000E932A /* UIImage.swift */ = {isa = PBXFileReference; fileEncoding = 4; lastKnownFileType = sourcecode.swift; path = UIImage.swift; sourceTree = "<group>"; };
		451816B01DF3A128000E932A /* FileManager.swift */ = {isa = PBXFileReference; fileEncoding = 4; lastKnownFileType = sourcecode.swift; path = FileManager.swift; sourceTree = "<group>"; };
		456F269F2116BA4F00657849 /* PureController.swift */ = {isa = PBXFileReference; lastKnownFileType = sourcecode.swift; path = PureController.swift; sourceTree = "<group>"; };
		456F26A12116BB2C00657849 /* PureViewModel.swift */ = {isa = PBXFileReference; lastKnownFileType = sourcecode.swift; path = PureViewModel.swift; sourceTree = "<group>"; };
		45713DAD1DE1E4D400F2B2C1 /* User.swift */ = {isa = PBXFileReference; fileEncoding = 4; lastKnownFileType = sourcecode.swift; path = User.swift; sourceTree = "<group>"; };
		45B224AC1DFC5175000ED9A3 /* FavoriteViewController.swift */ = {isa = PBXFileReference; fileEncoding = 4; lastKnownFileType = sourcecode.swift; path = FavoriteViewController.swift; sourceTree = "<group>"; };
		45B224AE1DFC5175000ED9A3 /* ListViewController.swift */ = {isa = PBXFileReference; fileEncoding = 4; lastKnownFileType = sourcecode.swift; path = ListViewController.swift; sourceTree = "<group>"; };
		45B224AF1DFC5175000ED9A3 /* ListViewModel.swift */ = {isa = PBXFileReference; fileEncoding = 4; lastKnownFileType = sourcecode.swift; path = ListViewModel.swift; sourceTree = "<group>"; };
		45B224B31DFC51A5000ED9A3 /* FavoriteListViewModel.swift */ = {isa = PBXFileReference; fileEncoding = 4; lastKnownFileType = sourcecode.swift; path = FavoriteListViewModel.swift; sourceTree = "<group>"; };
		623C1D83FEBA6854CE2922E9 /* Pods_UniformTemptation.framework */ = {isa = PBXFileReference; explicitFileType = wrapper.framework; includeInIndex = 0; path = Pods_UniformTemptation.framework; sourceTree = BUILT_PRODUCTS_DIR; };
		6B28CCF18AA3182B15D7F25A /* Pods-Share-UniformTemptation.release.xcconfig */ = {isa = PBXFileReference; includeInIndex = 1; lastKnownFileType = text.xcconfig; name = "Pods-Share-UniformTemptation.release.xcconfig"; path = "Pods/Target Support Files/Pods-Share-UniformTemptation/Pods-Share-UniformTemptation.release.xcconfig"; sourceTree = "<group>"; };
		73D41775C92187777F8AF880 /* Pods-UniformTemptation.release.xcconfig */ = {isa = PBXFileReference; includeInIndex = 1; lastKnownFileType = text.xcconfig; name = "Pods-UniformTemptation.release.xcconfig"; path = "Pods/Target Support Files/Pods-UniformTemptation/Pods-UniformTemptation.release.xcconfig"; sourceTree = "<group>"; };
		EDDCA5F7757737FAB3118DAB /* Pods-Share-UniformTemptation.debug.xcconfig */ = {isa = PBXFileReference; includeInIndex = 1; lastKnownFileType = text.xcconfig; name = "Pods-Share-UniformTemptation.debug.xcconfig"; path = "Pods/Target Support Files/Pods-Share-UniformTemptation/Pods-Share-UniformTemptation.debug.xcconfig"; sourceTree = "<group>"; };
/* End PBXFileReference section */

/* Begin PBXFrameworksBuildPhase section */
		4021F2971DC417C80084710D /* Frameworks */ = {
			isa = PBXFrameworksBuildPhase;
			buildActionMask = 2147483647;
			files = (
				9CB0A9E4FF227693B3048200 /* Pods_UniformTemptation.framework in Frameworks */,
			);
			runOnlyForDeploymentPostprocessing = 0;
		};
/* End PBXFrameworksBuildPhase section */

/* Begin PBXGroup section */
		31C86A16034825FAA7CC82B7 /* Pods */ = {
			isa = PBXGroup;
			children = (
				EDDCA5F7757737FAB3118DAB /* Pods-Share-UniformTemptation.debug.xcconfig */,
				6B28CCF18AA3182B15D7F25A /* Pods-Share-UniformTemptation.release.xcconfig */,
				273BD93C18776CD47D7DD32E /* Pods-UniformTemptation.debug.xcconfig */,
				73D41775C92187777F8AF880 /* Pods-UniformTemptation.release.xcconfig */,
			);
			name = Pods;
			sourceTree = "<group>";
		};
		4021F2911DC417C80084710D = {
			isa = PBXGroup;
			children = (
				4021F29C1DC417C90084710D /* UniformTemptation */,
				4021F29B1DC417C90084710D /* Products */,
				31C86A16034825FAA7CC82B7 /* Pods */,
				BC042AAC7C3F8CD56DC2AA87 /* Frameworks */,
			);
			sourceTree = "<group>";
		};
		4021F29B1DC417C90084710D /* Products */ = {
			isa = PBXGroup;
			children = (
				4021F29A1DC417C90084710D /* UniformTemptation.app */,
			);
			name = Products;
			sourceTree = "<group>";
		};
		4021F29C1DC417C90084710D /* UniformTemptation */ = {
			isa = PBXGroup;
			children = (
				40713BB31DC47F59002DF5B8 /* 基础类 */,
				4021F29D1DC417C90084710D /* AppDelegate.swift */,
				40713BBA1DC480EB002DF5B8 /* 页面展示 */,
				40B36A441DC44D3B006DB714 /* GlobalMethods.swift */,
				451816AB1DF3A11C000E932A /* 类扩展 */,
				45713DAD1DE1E4D400F2B2C1 /* User.swift */,
				40B36A421DC44AAE006DB714 /* Constants.swift */,
				4021F2A11DC417C90084710D /* Main.storyboard */,
				4021F2A41DC417C90084710D /* Assets.xcassets */,
				4021F2A61DC417C90084710D /* LaunchScreen.storyboard */,
				4021F2A91DC417C90084710D /* Info.plist */,
			);
			path = UniformTemptation;
			sourceTree = "<group>";
		};
		40713BB31DC47F59002DF5B8 /* 基础类 */ = {
			isa = PBXGroup;
			children = (
				40713BB41DC47F91002DF5B8 /* BaseNavigationController.swift */,
				40713BB51DC47F91002DF5B8 /* BaseViewController.swift */,
				40713BB61DC47F91002DF5B8 /* MainViewController.swift */,
			);
			path = "基础类";
			sourceTree = "<group>";
		};
		40713BBA1DC480EB002DF5B8 /* 页面展示 */ = {
			isa = PBXGroup;
			children = (
				456F269E2116B92800657849 /* 分类 */,
				45B224AB1DFC5175000ED9A3 /* 收藏 */,
				45B224AD1DFC5175000ED9A3 /* 首页 */,
				40713BBB1DC480EB002DF5B8 /* ViewController.swift */,
				40019E9E1DC4FEF8009142AA /* GirlCollectionViewCell.swift */,
				40713BBF1DC48326002DF5B8 /* Girl.swift */,
			);
			path = "页面展示";
			sourceTree = "<group>";
		};
		451816AB1DF3A11C000E932A /* 类扩展 */ = {
			isa = PBXGroup;
			children = (
				451816AC1DF3A11C000E932A /* UIButton.swift */,
				451816AD1DF3A11C000E932A /* UIImage.swift */,
				451816B01DF3A128000E932A /* FileManager.swift */,
			);
			path = "类扩展";
			sourceTree = "<group>";
		};
		456F269E2116B92800657849 /* 分类 */ = {
			isa = PBXGroup;
			children = (
				456F269F2116BA4F00657849 /* PureController.swift */,
				456F26A12116BB2C00657849 /* PureViewModel.swift */,
			);
			path = "分类";
			sourceTree = "<group>";
		};
		45B224AB1DFC5175000ED9A3 /* 收藏 */ = {
			isa = PBXGroup;
			children = (
				45B224AC1DFC5175000ED9A3 /* FavoriteViewController.swift */,
				45B224B31DFC51A5000ED9A3 /* FavoriteListViewModel.swift */,
			);
			path = "收藏";
			sourceTree = "<group>";
		};
		45B224AD1DFC5175000ED9A3 /* 首页 */ = {
			isa = PBXGroup;
			children = (
				45B224AE1DFC5175000ED9A3 /* ListViewController.swift */,
				45B224AF1DFC5175000ED9A3 /* ListViewModel.swift */,
			);
			path = "首页";
			sourceTree = "<group>";
		};
		BC042AAC7C3F8CD56DC2AA87 /* Frameworks */ = {
			isa = PBXGroup;
			children = (
				0412B2B96A6F67AEEC2DACF4 /* Pods_Share_UniformTemptation.framework */,
				623C1D83FEBA6854CE2922E9 /* Pods_UniformTemptation.framework */,
			);
			name = Frameworks;
			sourceTree = "<group>";
		};
/* End PBXGroup section */

/* Begin PBXNativeTarget section */
		4021F2991DC417C80084710D /* UniformTemptation */ = {
			isa = PBXNativeTarget;
			buildConfigurationList = 4021F2AC1DC417C90084710D /* Build configuration list for PBXNativeTarget "UniformTemptation" */;
			buildPhases = (
				4346CB65AB026FE866122F7F /* [CP] Check Pods Manifest.lock */,
				4021F2961DC417C80084710D /* Sources */,
				4021F2971DC417C80084710D /* Frameworks */,
				4021F2981DC417C80084710D /* Resources */,
				968DA8923271D04C0D312614 /* [CP] Embed Pods Frameworks */,
			);
			buildRules = (
			);
			dependencies = (
			);
			name = UniformTemptation;
			productName = UniformTemptation;
			productReference = 4021F29A1DC417C90084710D /* UniformTemptation.app */;
			productType = "com.apple.product-type.application";
		};
/* End PBXNativeTarget section */

/* Begin PBXProject section */
		4021F2921DC417C80084710D /* Project object */ = {
			isa = PBXProject;
			attributes = {
				LastSwiftUpdateCheck = 0800;
				LastUpgradeCheck = 0800;
				ORGANIZATIONNAME = sunhua;
				TargetAttributes = {
					4021F2991DC417C80084710D = {
						CreatedOnToolsVersion = 8.0;
						ProvisioningStyle = Automatic;
					};
				};
			};
			buildConfigurationList = 4021F2951DC417C80084710D /* Build configuration list for PBXProject "UniformTemptation" */;
			compatibilityVersion = "Xcode 3.2";
			developmentRegion = English;
			hasScannedForEncodings = 0;
			knownRegions = (
				en,
				Base,
			);
			mainGroup = 4021F2911DC417C80084710D;
			productRefGroup = 4021F29B1DC417C90084710D /* Products */;
			projectDirPath = "";
			projectRoot = "";
			targets = (
				4021F2991DC417C80084710D /* UniformTemptation */,
			);
		};
/* End PBXProject section */

/* Begin PBXResourcesBuildPhase section */
		4021F2981DC417C80084710D /* Resources */ = {
			isa = PBXResourcesBuildPhase;
			buildActionMask = 2147483647;
			files = (
				4021F2A81DC417C90084710D /* LaunchScreen.storyboard in Resources */,
				4021F2A51DC417C90084710D /* Assets.xcassets in Resources */,
				4021F2A31DC417C90084710D /* Main.storyboard in Resources */,
			);
			runOnlyForDeploymentPostprocessing = 0;
		};
/* End PBXResourcesBuildPhase section */

/* Begin PBXShellScriptBuildPhase section */
		4346CB65AB026FE866122F7F /* [CP] Check Pods Manifest.lock */ = {
			isa = PBXShellScriptBuildPhase;
			buildActionMask = 2147483647;
			files = (
			);
			inputPaths = (
				"${PODS_PODFILE_DIR_PATH}/Podfile.lock",
				"${PODS_ROOT}/Manifest.lock",
			);
			name = "[CP] Check Pods Manifest.lock";
			outputPaths = (
				"$(DERIVED_FILE_DIR)/Pods-UniformTemptation-checkManifestLockResult.txt",
			);
			runOnlyForDeploymentPostprocessing = 0;
			shellPath = /bin/sh;
			shellScript = "diff \"${PODS_PODFILE_DIR_PATH}/Podfile.lock\" \"${PODS_ROOT}/Manifest.lock\" > /dev/null\nif [ $? != 0 ] ; then\n    # print error to STDERR\n    echo \"error: The sandbox is not in sync with the Podfile.lock. Run 'pod install' or update your CocoaPods installation.\" >&2\n    exit 1\nfi\n# This output is used by Xcode 'outputs' to avoid re-running this script phase.\necho \"SUCCESS\" > \"${SCRIPT_OUTPUT_FILE_0}\"\n";
			showEnvVarsInLog = 0;
		};
		968DA8923271D04C0D312614 /* [CP] Embed Pods Frameworks */ = {
			isa = PBXShellScriptBuildPhase;
			buildActionMask = 2147483647;
			files = (
			);
			inputPaths = (
				"${SRCROOT}/Pods/Target Support Files/Pods-UniformTemptation/Pods-UniformTemptation-frameworks.sh",
				"${BUILT_PRODUCTS_DIR}/Alamofire/Alamofire.framework",
				"${BUILT_PRODUCTS_DIR}/AlamofireObjectMapper/AlamofireObjectMapper.framework",
				"${BUILT_PRODUCTS_DIR}/Kingfisher/Kingfisher.framework",
				"${BUILT_PRODUCTS_DIR}/MJRefresh/MJRefresh.framework",
				"${BUILT_PRODUCTS_DIR}/ObjectMapper/ObjectMapper.framework",
				"${BUILT_PRODUCTS_DIR}/RxBlocking/RxBlocking.framework",
				"${BUILT_PRODUCTS_DIR}/RxCocoa/RxCocoa.framework",
				"${BUILT_PRODUCTS_DIR}/RxDataSources/RxDataSources.framework",
				"${BUILT_PRODUCTS_DIR}/RxOptional/RxOptional.framework",
				"${BUILT_PRODUCTS_DIR}/RxSwift/RxSwift.framework",
				"${BUILT_PRODUCTS_DIR}/SVProgressHUD/SVProgressHUD.framework",
			);
			name = "[CP] Embed Pods Frameworks";
			outputPaths = (
				"${TARGET_BUILD_DIR}/${FRAMEWORKS_FOLDER_PATH}/Alamofire.framework",
				"${TARGET_BUILD_DIR}/${FRAMEWORKS_FOLDER_PATH}/AlamofireObjectMapper.framework",
				"${TARGET_BUILD_DIR}/${FRAMEWORKS_FOLDER_PATH}/Kingfisher.framework",
				"${TARGET_BUILD_DIR}/${FRAMEWORKS_FOLDER_PATH}/MJRefresh.framework",
				"${TARGET_BUILD_DIR}/${FRAMEWORKS_FOLDER_PATH}/ObjectMapper.framework",
				"${TARGET_BUILD_DIR}/${FRAMEWORKS_FOLDER_PATH}/RxBlocking.framework",
				"${TARGET_BUILD_DIR}/${FRAMEWORKS_FOLDER_PATH}/RxCocoa.framework",
				"${TARGET_BUILD_DIR}/${FRAMEWORKS_FOLDER_PATH}/RxDataSources.framework",
				"${TARGET_BUILD_DIR}/${FRAMEWORKS_FOLDER_PATH}/RxOptional.framework",
				"${TARGET_BUILD_DIR}/${FRAMEWORKS_FOLDER_PATH}/RxSwift.framework",
				"${TARGET_BUILD_DIR}/${FRAMEWORKS_FOLDER_PATH}/SVProgressHUD.framework",
			);
			runOnlyForDeploymentPostprocessing = 0;
			shellPath = /bin/sh;
			shellScript = "\"${SRCROOT}/Pods/Target Support Files/Pods-UniformTemptation/Pods-UniformTemptation-frameworks.sh\"\n";
			showEnvVarsInLog = 0;
		};
/* End PBXShellScriptBuildPhase section */

/* Begin PBXSourcesBuildPhase section */
		4021F2961DC417C80084710D /* Sources */ = {
			isa = PBXSourcesBuildPhase;
			buildActionMask = 2147483647;
			files = (
				45713DAE1DE1E4D400F2B2C1 /* User.swift in Sources */,
				456F26A22116BB2C00657849 /* PureViewModel.swift in Sources */,
				40713BB91DC47F91002DF5B8 /* MainViewController.swift in Sources */,
				4021F29E1DC417C90084710D /* AppDelegate.swift in Sources */,
				40019E9F1DC4FEF8009142AA /* GirlCollectionViewCell.swift in Sources */,
				45B224B41DFC51A5000ED9A3 /* FavoriteListViewModel.swift in Sources */,
				40713BC01DC48326002DF5B8 /* Girl.swift in Sources */,
				451816AF1DF3A11C000E932A /* UIImage.swift in Sources */,
				45B224B21DFC5175000ED9A3 /* ListViewModel.swift in Sources */,
				451816B11DF3A128000E932A /* FileManager.swift in Sources */,
				40B36A431DC44AAE006DB714 /* Constants.swift in Sources */,
				45B224B11DFC5175000ED9A3 /* ListViewController.swift in Sources */,
				40713BB71DC47F91002DF5B8 /* BaseNavigationController.swift in Sources */,
				40B36A451DC44D3B006DB714 /* GlobalMethods.swift in Sources */,
				45B224B01DFC5175000ED9A3 /* FavoriteViewController.swift in Sources */,
				40713BBC1DC480EB002DF5B8 /* ViewController.swift in Sources */,
				456F26A02116BA4F00657849 /* PureController.swift in Sources */,
				451816AE1DF3A11C000E932A /* UIButton.swift in Sources */,
				40713BB81DC47F91002DF5B8 /* BaseViewController.swift in Sources */,
			);
			runOnlyForDeploymentPostprocessing = 0;
		};
/* End PBXSourcesBuildPhase section */

/* Begin PBXVariantGroup section */
		4021F2A11DC417C90084710D /* Main.storyboard */ = {
			isa = PBXVariantGroup;
			children = (
				4021F2A21DC417C90084710D /* Base */,
			);
			name = Main.storyboard;
			sourceTree = "<group>";
		};
		4021F2A61DC417C90084710D /* LaunchScreen.storyboard */ = {
			isa = PBXVariantGroup;
			children = (
				4021F2A71DC417C90084710D /* Base */,
			);
			name = LaunchScreen.storyboard;
			sourceTree = "<group>";
		};
/* End PBXVariantGroup section */

/* Begin XCBuildConfiguration section */
		4021F2AA1DC417C90084710D /* Debug */ = {
			isa = XCBuildConfiguration;
			buildSettings = {
				ALWAYS_SEARCH_USER_PATHS = NO;
				CLANG_ANALYZER_NONNULL = YES;
				CLANG_CXX_LANGUAGE_STANDARD = "gnu++0x";
				CLANG_CXX_LIBRARY = "libc++";
				CLANG_ENABLE_MODULES = YES;
				CLANG_ENABLE_OBJC_ARC = YES;
				CLANG_WARN_BOOL_CONVERSION = YES;
				CLANG_WARN_CONSTANT_CONVERSION = YES;
				CLANG_WARN_DIRECT_OBJC_ISA_USAGE = YES_ERROR;
				CLANG_WARN_DOCUMENTATION_COMMENTS = YES;
				CLANG_WARN_EMPTY_BODY = YES;
				CLANG_WARN_ENUM_CONVERSION = YES;
				CLANG_WARN_INFINITE_RECURSION = YES;
				CLANG_WARN_INT_CONVERSION = YES;
				CLANG_WARN_OBJC_ROOT_CLASS = YES_ERROR;
				CLANG_WARN_SUSPICIOUS_MOVES = YES;
				CLANG_WARN_UNREACHABLE_CODE = YES;
				CLANG_WARN__DUPLICATE_METHOD_MATCH = YES;
				"CODE_SIGN_IDENTITY[sdk=iphoneos*]" = "iPhone Developer";
				COPY_PHASE_STRIP = NO;
				DEBUG_INFORMATION_FORMAT = dwarf;
				ENABLE_STRICT_OBJC_MSGSEND = YES;
				ENABLE_TESTABILITY = YES;
				GCC_C_LANGUAGE_STANDARD = gnu99;
				GCC_DYNAMIC_NO_PIC = NO;
				GCC_NO_COMMON_BLOCKS = YES;
				GCC_OPTIMIZATION_LEVEL = 0;
				GCC_PREPROCESSOR_DEFINITIONS = (
					"DEBUG=1",
					"$(inherited)",
				);
				GCC_WARN_64_TO_32_BIT_CONVERSION = YES;
				GCC_WARN_ABOUT_RETURN_TYPE = YES_ERROR;
				GCC_WARN_UNDECLARED_SELECTOR = YES;
				GCC_WARN_UNINITIALIZED_AUTOS = YES_AGGRESSIVE;
				GCC_WARN_UNUSED_FUNCTION = YES;
				GCC_WARN_UNUSED_VARIABLE = YES;
				IPHONEOS_DEPLOYMENT_TARGET = 10.0;
				MTL_ENABLE_DEBUG_INFO = YES;
				ONLY_ACTIVE_ARCH = YES;
				SDKROOT = iphoneos;
				SWIFT_ACTIVE_COMPILATION_CONDITIONS = DEBUG;
				SWIFT_OPTIMIZATION_LEVEL = "-Onone";
				TARGETED_DEVICE_FAMILY = "1,2";
			};
			name = Debug;
		};
		4021F2AB1DC417C90084710D /* Release */ = {
			isa = XCBuildConfiguration;
			buildSettings = {
				ALWAYS_SEARCH_USER_PATHS = NO;
				CLANG_ANALYZER_NONNULL = YES;
				CLANG_CXX_LANGUAGE_STANDARD = "gnu++0x";
				CLANG_CXX_LIBRARY = "libc++";
				CLANG_ENABLE_MODULES = YES;
				CLANG_ENABLE_OBJC_ARC = YES;
				CLANG_WARN_BOOL_CONVERSION = YES;
				CLANG_WARN_CONSTANT_CONVERSION = YES;
				CLANG_WARN_DIRECT_OBJC_ISA_USAGE = YES_ERROR;
				CLANG_WARN_DOCUMENTATION_COMMENTS = YES;
				CLANG_WARN_EMPTY_BODY = YES;
				CLANG_WARN_ENUM_CONVERSION = YES;
				CLANG_WARN_INFINITE_RECURSION = YES;
				CLANG_WARN_INT_CONVERSION = YES;
				CLANG_WARN_OBJC_ROOT_CLASS = YES_ERROR;
				CLANG_WARN_SUSPICIOUS_MOVES = YES;
				CLANG_WARN_UNREACHABLE_CODE = YES;
				CLANG_WARN__DUPLICATE_METHOD_MATCH = YES;
				"CODE_SIGN_IDENTITY[sdk=iphoneos*]" = "iPhone Developer";
				COPY_PHASE_STRIP = NO;
				DEBUG_INFORMATION_FORMAT = "dwarf-with-dsym";
				ENABLE_NS_ASSERTIONS = NO;
				ENABLE_STRICT_OBJC_MSGSEND = YES;
				GCC_C_LANGUAGE_STANDARD = gnu99;
				GCC_NO_COMMON_BLOCKS = YES;
				GCC_WARN_64_TO_32_BIT_CONVERSION = YES;
				GCC_WARN_ABOUT_RETURN_TYPE = YES_ERROR;
				GCC_WARN_UNDECLARED_SELECTOR = YES;
				GCC_WARN_UNINITIALIZED_AUTOS = YES_AGGRESSIVE;
				GCC_WARN_UNUSED_FUNCTION = YES;
				GCC_WARN_UNUSED_VARIABLE = YES;
				IPHONEOS_DEPLOYMENT_TARGET = 10.0;
				MTL_ENABLE_DEBUG_INFO = NO;
				SDKROOT = iphoneos;
				SWIFT_OPTIMIZATION_LEVEL = "-Owholemodule";
				TARGETED_DEVICE_FAMILY = "1,2";
				VALIDATE_PRODUCT = YES;
			};
			name = Release;
		};
		4021F2AD1DC417C90084710D /* Debug */ = {
			isa = XCBuildConfiguration;
			baseConfigurationReference = 273BD93C18776CD47D7DD32E /* Pods-UniformTemptation.debug.xcconfig */;
			buildSettings = {
				ASSETCATALOG_COMPILER_APPICON_NAME = AppIcon;
				INFOPLIST_FILE = UniformTemptation/Info.plist;
				LD_RUNPATH_SEARCH_PATHS = "$(inherited) @executable_path/Frameworks";
				PRODUCT_BUNDLE_IDENTIFIER = com.test.www.UniformTemptation;
				PRODUCT_NAME = "$(TARGET_NAME)";
				SWIFT_VERSION = 3.0;
			};
			name = Debug;
		};
		4021F2AE1DC417C90084710D /* Release */ = {
			isa = XCBuildConfiguration;
			baseConfigurationReference = 73D41775C92187777F8AF880 /* Pods-UniformTemptation.release.xcconfig */;
			buildSettings = {
				ASSETCATALOG_COMPILER_APPICON_NAME = AppIcon;
				INFOPLIST_FILE = UniformTemptation/Info.plist;
				LD_RUNPATH_SEARCH_PATHS = "$(inherited) @executable_path/Frameworks";
				PRODUCT_BUNDLE_IDENTIFIER = com.test.www.UniformTemptation;
				PRODUCT_NAME = "$(TARGET_NAME)";
				SWIFT_VERSION = 3.0;
			};
			name = Release;
		};
/* End XCBuildConfiguration section */

/* Begin XCConfigurationList section */
		4021F2951DC417C80084710D /* Build configuration list for PBXProject "UniformTemptation" */ = {
			isa = XCConfigurationList;
			buildConfigurations = (
				4021F2AA1DC417C90084710D /* Debug */,
				4021F2AB1DC417C90084710D /* Release */,
			);
			defaultConfigurationIsVisible = 0;
			defaultConfigurationName = Release;
		};
		4021F2AC1DC417C90084710D /* Build configuration list for PBXNativeTarget "UniformTemptation" */ = {
			isa = XCConfigurationList;
			buildConfigurations = (
				4021F2AD1DC417C90084710D /* Debug */,
				4021F2AE1DC417C90084710D /* Release */,
			);
			defaultConfigurationIsVisible = 0;
			defaultConfigurationName = Release;
		};
/* End XCConfigurationList section */
	};
	rootObject = 4021F2921DC417C80084710D /* Project object */;
}
